
Microsoft Visual Studio Solution File, Format Version 12.00
# Visual Studio Version 17
VisualStudioVersion = 17.1.32328.378
MinimumVisualStudioVersion = 10.0.40219.1
Project("{FAE04EC0-301F-11D3-BF4B-00C04F79EFBC}") = "Homework lesson 4", "Homework lesson 4\Homework lesson 4.csproj", "{56C0B157-4E73-45C8-A88A-27D3C4B6A051}"
EndProject
Global
	GlobalSection(SolutionConfigurationPlatforms) = preSolution
		Debug|Any CPU = Debug|Any CPU
		Release|Any CPU = Release|Any CPU
	EndGlobalSection
	GlobalSection(ProjectConfigurationPlatforms) = postSolution
		{56C0B157-4E73-45C8-A88A-27D3C4B6A051}.Debug|Any CPU.ActiveCfg = Debug|Any CPU
		{56C0B157-4E73-45C8-A88A-27D3C4B6A051}.Debug|Any CPU.Build.0 = Debug|Any CPU
		{56C0B157-4E73-45C8-A88A-27D3C4B6A051}.Release|Any CPU.ActiveCfg = Release|Any CPU
		{56C0B157-4E73-45C8-A88A-27D3C4B6A051}.Release|Any CPU.Build.0 = Release|Any CPU
	EndGlobalSection
	GlobalSection(SolutionProperties) = preSolution
		HideSolutionNode = FALSE
	EndGlobalSection
	GlobalSection(ExtensibilityGlobals) = postSolution
		SolutionGuid = {24FD502B-3F81-4ECF-A2BC-8F22B056406C}
	EndGlobalSection
EndGlobal
